{
    "name": "tsl-mastodon-api",
    "version": "0.4.2",
    "lockfileVersion": 3,
    "requires": true,
    "devOptional": true,
    "packages": {
        "": {
            "name": "tsl-mastodon-api",
            "version": "0.4.2",
            "devOptional": true,
            "license": "MIT",
            "devDependencies": {
                "@typescriptlibs/amd": "^1.0.0",
                "@typescriptlibs/tst": "^0.1.0",
                "tsl-mastodon-api": "file:./",
                "typescript": "~5.3.3"
            },
            "engines": {
                "node": ">=18.16.0"
            },
            "optionalDependencies": {
                "node-fetch": "^3.3.0",
                "oauth": "~0.10.0",
                "ws": "^8.12.0"
            }
        },
        "node_modules/@types/node": {
            "version": "20.11.17",
            "resolved": "https://registry.npmjs.org/@types/node/-/node-20.11.17.tgz",
            "integrity": "sha512-QmgQZGWu1Yw9TDyAP9ZzpFJKynYNeOvwMJmaxABfieQoVoiVOS6MN1WSpqpRcbeA5+RW82kraAVxCCJg+780Qw==",
            "dev": true,
            "peer": true,
            "dependencies": {
                "undici-types": "~5.26.4"
            }
        },
        "node_modules/@typescriptlibs/amd": {
            "version": "1.2.2",
            "resolved": "https://registry.npmjs.org/@typescriptlibs/amd/-/amd-1.2.2.tgz",
            "integrity": "sha512-KizLeZWRdE4JNEawV3d6IwpwtYxoC6/eJfVOIZUd5dhJVtoYUvpPl8EwWku/ZhHTZOhmy6RMaOZbovr4D7Iz4Q==",
            "dev": true,
            "bin": {
                "install-amd": "bin/install-amd.mjs"
            },
            "engines": {
                "node": ">=16.8.0"
            }
        },
        "node_modules/@typescriptlibs/tst": {
            "version": "0.1.0",
            "resolved": "https://registry.npmjs.org/@typescriptlibs/tst/-/tst-0.1.0.tgz",
            "integrity": "sha512-3rmk4ztNZCseO+1V6wOW7SOWVvvk2HV3M4bcwXZgiOoSvz27r9mXuZ4/a/3PdVauXffBjESMOOBwB3kSYZ/fvw==",
            "dev": true,
            "bin": {
                "tst": "bin/tst.mjs"
            },
            "engines": {
                "node": ">=10.17.0"
            },
            "peerDependencies": {
                "@types/node": ">=10.17.0",
                "typescript": ">=1.6.0"
            }
        },
        "node_modules/data-uri-to-buffer": {
            "version": "4.0.1",
            "resolved": "https://registry.npmjs.org/data-uri-to-buffer/-/data-uri-to-buffer-4.0.1.tgz",
            "integrity": "sha512-0R9ikRb668HB7QDxT1vkpuUBtqc53YyAwMwGeUFKRojY/NWKvdZ+9UYtRfGmhqNbRkTSVpMbmyhXipFFv2cb/A==",
            "optional": true,
            "engines": {
                "node": ">= 12"
            }
        },
        "node_modules/fetch-blob": {
            "version": "3.2.0",
            "resolved": "https://registry.npmjs.org/fetch-blob/-/fetch-blob-3.2.0.tgz",
            "integrity": "sha512-7yAQpD2UMJzLi1Dqv7qFYnPbaPx7ZfFK6PiIxQ4PfkGPyNyl2Ugx+a/umUonmKqjhM4DnfbMvdX6otXq83soQQ==",
            "funding": [
                {
                    "type": "github",
                    "url": "https://github.com/sponsors/jimmywarting"
                },
                {
                    "type": "paypal",
                    "url": "https://paypal.me/jimmywarting"
                }
            ],
            "optional": true,
            "dependencies": {
                "node-domexception": "^1.0.0",
                "web-streams-polyfill": "^3.0.3"
            },
            "engines": {
                "node": "^12.20 || >= 14.13"
            }
        },
        "node_modules/formdata-polyfill": {
            "version": "4.0.10",
            "resolved": "https://registry.npmjs.org/formdata-polyfill/-/formdata-polyfill-4.0.10.tgz",
            "integrity": "sha512-buewHzMvYL29jdeQTVILecSaZKnt/RJWjoZCF5OW60Z67/GmSLBkOFM7qh1PI3zFNtJbaZL5eQu1vLfazOwj4g==",
            "optional": true,
            "dependencies": {
                "fetch-blob": "^3.1.2"
            },
            "engines": {
                "node": ">=12.20.0"
            }
        },
        "node_modules/node-domexception": {
            "version": "1.0.0",
            "resolved": "https://registry.npmjs.org/node-domexception/-/node-domexception-1.0.0.tgz",
            "integrity": "sha512-/jKZoMpw0F8GRwl4/eLROPA3cfcXtLApP0QzLmUT/HuPCZWyB7IY9ZrMeKw2O/nFIqPQB3PVM9aYm0F312AXDQ==",
            "funding": [
                {
                    "type": "github",
                    "url": "https://github.com/sponsors/jimmywarting"
                },
                {
                    "type": "github",
                    "url": "https://paypal.me/jimmywarting"
                }
            ],
            "optional": true,
            "engines": {
                "node": ">=10.5.0"
            }
        },
        "node_modules/node-fetch": {
            "version": "3.3.2",
            "resolved": "https://registry.npmjs.org/node-fetch/-/node-fetch-3.3.2.tgz",
            "integrity": "sha512-dRB78srN/l6gqWulah9SrxeYnxeddIG30+GOqK/9OlLVyLg3HPnr6SqOWTWOXKRwC2eGYCkZ59NNuSgvSrpgOA==",
            "optional": true,
            "dependencies": {
                "data-uri-to-buffer": "^4.0.0",
                "fetch-blob": "^3.1.4",
                "formdata-polyfill": "^4.0.10"
            },
            "engines": {
                "node": "^12.20.0 || ^14.13.1 || >=16.0.0"
            },
            "funding": {
                "type": "opencollective",
                "url": "https://opencollective.com/node-fetch"
            }
        },
        "node_modules/oauth": {
            "version": "0.10.0",
            "resolved": "https://registry.npmjs.org/oauth/-/oauth-0.10.0.tgz",
            "integrity": "sha512-1orQ9MT1vHFGQxhuy7E/0gECD3fd2fCC+PIX+/jgmU/gI3EpRocXtmtvxCO5x3WZ443FLTLFWNDjl5MPJf9u+Q==",
            "optional": true
        },
        "node_modules/tsl-mastodon-api": {
            "resolved": "",
            "link": true
        },
        "node_modules/typescript": {
            "version": "5.3.3",
            "resolved": "https://registry.npmjs.org/typescript/-/typescript-5.3.3.tgz",
            "integrity": "sha512-pXWcraxM0uxAS+tN0AG/BF2TyqmHO014Z070UsJ+pFvYuRSq8KH8DmWpnbXe0pEPDHXZV3FcAbJkijJ5oNEnWw==",
            "dev": true,
            "bin": {
                "tsc": "bin/tsc",
                "tsserver": "bin/tsserver"
            },
            "engines": {
                "node": ">=14.17"
            }
        },
        "node_modules/undici-types": {
            "version": "5.26.5",
            "resolved": "https://registry.npmjs.org/undici-types/-/undici-types-5.26.5.tgz",
            "integrity": "sha512-JlCMO+ehdEIKqlFxk6IfVoAUVmgz7cU7zD/h9XZ0qzeosSHmUJVOzSQvvYSYWXkFXC+IfLKSIffhv0sVZup6pA==",
            "dev": true,
            "peer": true
        },
        "node_modules/web-streams-polyfill": {
            "version": "3.3.2",
            "resolved": "https://registry.npmjs.org/web-streams-polyfill/-/web-streams-polyfill-3.3.2.tgz",
            "integrity": "sha512-3pRGuxRF5gpuZc0W+EpwQRmCD7gRqcDOMt688KmdlDAgAyaB1XlN0zq2njfDNm44XVdIouE7pZ6GzbdyH47uIQ==",
            "optional": true,
            "engines": {
                "node": ">= 8"
            }
        },
        "node_modules/ws": {
            "version": "8.16.0",
            "resolved": "https://registry.npmjs.org/ws/-/ws-8.16.0.tgz",
            "integrity": "sha512-HS0c//TP7Ina87TfiPUz1rQzMhHrl/SG2guqRcTOIUYD2q8uhUdNHZYJUaQ8aTGPzCh+c6oawMKW35nFl1dxyQ==",
            "optional": true,
            "engines": {
                "node": ">=10.0.0"
            },
            "peerDependencies": {
                "bufferutil": "^4.0.1",
                "utf-8-validate": ">=5.0.2"
            },
            "peerDependenciesMeta": {
                "bufferutil": {
                    "optional": true
                },
                "utf-8-validate": {
                    "optional": true
                }
            }
        }
    }
}
