{
    "name": "tsl-mastodon-api",
    "version": "0.4.0",
    "lockfileVersion": 2,
    "requires": true,
    "devOptional": true,
    "packages": {
        "": {
            "name": "tsl-mastodon-api",
            "version": "0.4.0",
            "license": "MIT",
            "devDependencies": {
                "@types/node": "~16.7.13",
                "@typescriptlibs/tst": "^0.0.5",
                "husky": "^8.0.3",
                "tsl-mastodon-api": "file:./",
                "typescript": "~4.9.5"
            },
            "engines": {
                "node": ">=16.8.0"
            },
            "optionalDependencies": {
                "@types/oauth": "~0.9.1",
                "@types/ws": "^8.5.4",
                "node-fetch": "^3.3.0",
                "oauth": "~0.10.0",
                "ws": "^8.12.0"
            }
        },
        "node_modules/@types/node": {
            "version": "16.7.13",
            "resolved": "https://registry.npmjs.org/@types/node/-/node-16.7.13.tgz",
            "integrity": "sha512-pLUPDn+YG3FYEt/pHI74HmnJOWzeR+tOIQzUx93pi9M7D8OE7PSLr97HboXwk5F+JS+TLtWuzCOW97AHjmOXXA==",
            "devOptional": true
        },
        "node_modules/@types/oauth": {
            "version": "0.9.1",
            "resolved": "https://registry.npmjs.org/@types/oauth/-/oauth-0.9.1.tgz",
            "integrity": "sha512-a1iY62/a3yhZ7qH7cNUsxoI3U/0Fe9+RnuFrpTKr+0WVOzbKlSLojShCKe20aOD1Sppv+i8Zlq0pLDuTJnwS4A==",
            "optional": true,
            "dependencies": {
                "@types/node": "*"
            }
        },
        "node_modules/@types/ws": {
            "version": "8.5.4",
            "resolved": "https://registry.npmjs.org/@types/ws/-/ws-8.5.4.tgz",
            "integrity": "sha512-zdQDHKUgcX/zBc4GrwsE/7dVdAD8JR4EuiAXiiUhhfyIJXXb2+PrGshFyeXWQPMmmZ2XxgaqclgpIC7eTXc1mg==",
            "optional": true,
            "dependencies": {
                "@types/node": "*"
            }
        },
        "node_modules/@typescriptlibs/tst": {
            "version": "0.0.5",
            "resolved": "https://registry.npmjs.org/@typescriptlibs/tst/-/tst-0.0.5.tgz",
            "integrity": "sha512-Ze3pgTkJgIr05AkLp3esPzK0sauG0WZcZc6dOz2ZPHMgKsWmExO7r/9TOlayfShAPeSmC7YszKDhtHq51fNXuQ==",
            "dev": true,
            "bin": {
                "tst": "bin/tst.mjs"
            },
            "engines": {
                "node": ">=10.17.0"
            },
            "peerDependencies": {
                "@types/node": ">=10.17.0",
                "typescript": ">=1.6.0"
            }
        },
        "node_modules/data-uri-to-buffer": {
            "version": "4.0.1",
            "resolved": "https://registry.npmjs.org/data-uri-to-buffer/-/data-uri-to-buffer-4.0.1.tgz",
            "integrity": "sha512-0R9ikRb668HB7QDxT1vkpuUBtqc53YyAwMwGeUFKRojY/NWKvdZ+9UYtRfGmhqNbRkTSVpMbmyhXipFFv2cb/A==",
            "optional": true,
            "engines": {
                "node": ">= 12"
            }
        },
        "node_modules/fetch-blob": {
            "version": "3.2.0",
            "resolved": "https://registry.npmjs.org/fetch-blob/-/fetch-blob-3.2.0.tgz",
            "integrity": "sha512-7yAQpD2UMJzLi1Dqv7qFYnPbaPx7ZfFK6PiIxQ4PfkGPyNyl2Ugx+a/umUonmKqjhM4DnfbMvdX6otXq83soQQ==",
            "funding": [
                {
                    "type": "github",
                    "url": "https://github.com/sponsors/jimmywarting"
                },
                {
                    "type": "paypal",
                    "url": "https://paypal.me/jimmywarting"
                }
            ],
            "optional": true,
            "dependencies": {
                "node-domexception": "^1.0.0",
                "web-streams-polyfill": "^3.0.3"
            },
            "engines": {
                "node": "^12.20 || >= 14.13"
            }
        },
        "node_modules/formdata-polyfill": {
            "version": "4.0.10",
            "resolved": "https://registry.npmjs.org/formdata-polyfill/-/formdata-polyfill-4.0.10.tgz",
            "integrity": "sha512-buewHzMvYL29jdeQTVILecSaZKnt/RJWjoZCF5OW60Z67/GmSLBkOFM7qh1PI3zFNtJbaZL5eQu1vLfazOwj4g==",
            "optional": true,
            "dependencies": {
                "fetch-blob": "^3.1.2"
            },
            "engines": {
                "node": ">=12.20.0"
            }
        },
        "node_modules/husky": {
            "version": "8.0.3",
            "resolved": "https://registry.npmjs.org/husky/-/husky-8.0.3.tgz",
            "integrity": "sha512-+dQSyqPh4x1hlO1swXBiNb2HzTDN1I2IGLQx1GrBuiqFJfoMrnZWwVmatvSiO+Iz8fBUnf+lekwNo4c2LlXItg==",
            "dev": true,
            "bin": {
                "husky": "lib/bin.js"
            },
            "engines": {
                "node": ">=14"
            },
            "funding": {
                "url": "https://github.com/sponsors/typicode"
            }
        },
        "node_modules/node-domexception": {
            "version": "1.0.0",
            "resolved": "https://registry.npmjs.org/node-domexception/-/node-domexception-1.0.0.tgz",
            "integrity": "sha512-/jKZoMpw0F8GRwl4/eLROPA3cfcXtLApP0QzLmUT/HuPCZWyB7IY9ZrMeKw2O/nFIqPQB3PVM9aYm0F312AXDQ==",
            "funding": [
                {
                    "type": "github",
                    "url": "https://github.com/sponsors/jimmywarting"
                },
                {
                    "type": "github",
                    "url": "https://paypal.me/jimmywarting"
                }
            ],
            "optional": true,
            "engines": {
                "node": ">=10.5.0"
            }
        },
        "node_modules/node-fetch": {
            "version": "3.3.0",
            "resolved": "https://registry.npmjs.org/node-fetch/-/node-fetch-3.3.0.tgz",
            "integrity": "sha512-BKwRP/O0UvoMKp7GNdwPlObhYGB5DQqwhEDQlNKuoqwVYSxkSZCSbHjnFFmUEtwSKRPU4kNK8PbDYYitwaE3QA==",
            "optional": true,
            "dependencies": {
                "data-uri-to-buffer": "^4.0.0",
                "fetch-blob": "^3.1.4",
                "formdata-polyfill": "^4.0.10"
            },
            "engines": {
                "node": "^12.20.0 || ^14.13.1 || >=16.0.0"
            },
            "funding": {
                "type": "opencollective",
                "url": "https://opencollective.com/node-fetch"
            }
        },
        "node_modules/oauth": {
            "version": "0.10.0",
            "resolved": "https://registry.npmjs.org/oauth/-/oauth-0.10.0.tgz",
            "integrity": "sha512-1orQ9MT1vHFGQxhuy7E/0gECD3fd2fCC+PIX+/jgmU/gI3EpRocXtmtvxCO5x3WZ443FLTLFWNDjl5MPJf9u+Q==",
            "optional": true
        },
        "node_modules/tsl-mastodon-api": {
            "resolved": "",
            "link": true
        },
        "node_modules/typescript": {
            "version": "4.9.5",
            "resolved": "https://registry.npmjs.org/typescript/-/typescript-4.9.5.tgz",
            "integrity": "sha512-1FXk9E2Hm+QzZQ7z+McJiHL4NW1F2EzMu9Nq9i3zAaGqibafqYwCVU6WyWAuyQRRzOlxou8xZSyXLEN8oKj24g==",
            "dev": true,
            "bin": {
                "tsc": "bin/tsc",
                "tsserver": "bin/tsserver"
            },
            "engines": {
                "node": ">=4.2.0"
            }
        },
        "node_modules/web-streams-polyfill": {
            "version": "3.2.1",
            "resolved": "https://registry.npmjs.org/web-streams-polyfill/-/web-streams-polyfill-3.2.1.tgz",
            "integrity": "sha512-e0MO3wdXWKrLbL0DgGnUV7WHVuw9OUvL4hjgnPkIeEvESk74gAITi5G606JtZPp39cd8HA9VQzCIvA49LpPN5Q==",
            "optional": true,
            "engines": {
                "node": ">= 8"
            }
        },
        "node_modules/ws": {
            "version": "8.12.0",
            "resolved": "https://registry.npmjs.org/ws/-/ws-8.12.0.tgz",
            "integrity": "sha512-kU62emKIdKVeEIOIKVegvqpXMSTAMLJozpHZaJNDYqBjzlSYXQGviYwN1osDLJ9av68qHd4a2oSjd7yD4pacig==",
            "optional": true,
            "engines": {
                "node": ">=10.0.0"
            },
            "peerDependencies": {
                "bufferutil": "^4.0.1",
                "utf-8-validate": ">=5.0.2"
            },
            "peerDependenciesMeta": {
                "bufferutil": {
                    "optional": true
                },
                "utf-8-validate": {
                    "optional": true
                }
            }
        }
    },
    "dependencies": {
        "@types/node": {
            "version": "16.7.13",
            "resolved": "https://registry.npmjs.org/@types/node/-/node-16.7.13.tgz",
            "integrity": "sha512-pLUPDn+YG3FYEt/pHI74HmnJOWzeR+tOIQzUx93pi9M7D8OE7PSLr97HboXwk5F+JS+TLtWuzCOW97AHjmOXXA==",
            "devOptional": true
        },
        "@types/oauth": {
            "version": "0.9.1",
            "resolved": "https://registry.npmjs.org/@types/oauth/-/oauth-0.9.1.tgz",
            "integrity": "sha512-a1iY62/a3yhZ7qH7cNUsxoI3U/0Fe9+RnuFrpTKr+0WVOzbKlSLojShCKe20aOD1Sppv+i8Zlq0pLDuTJnwS4A==",
            "optional": true,
            "requires": {
                "@types/node": "*"
            }
        },
        "@types/ws": {
            "version": "8.5.4",
            "resolved": "https://registry.npmjs.org/@types/ws/-/ws-8.5.4.tgz",
            "integrity": "sha512-zdQDHKUgcX/zBc4GrwsE/7dVdAD8JR4EuiAXiiUhhfyIJXXb2+PrGshFyeXWQPMmmZ2XxgaqclgpIC7eTXc1mg==",
            "optional": true,
            "requires": {
                "@types/node": "*"
            }
        },
        "@typescriptlibs/tst": {
            "version": "0.0.5",
            "resolved": "https://registry.npmjs.org/@typescriptlibs/tst/-/tst-0.0.5.tgz",
            "integrity": "sha512-Ze3pgTkJgIr05AkLp3esPzK0sauG0WZcZc6dOz2ZPHMgKsWmExO7r/9TOlayfShAPeSmC7YszKDhtHq51fNXuQ==",
            "dev": true,
            "requires": {}
        },
        "data-uri-to-buffer": {
            "version": "4.0.1",
            "resolved": "https://registry.npmjs.org/data-uri-to-buffer/-/data-uri-to-buffer-4.0.1.tgz",
            "integrity": "sha512-0R9ikRb668HB7QDxT1vkpuUBtqc53YyAwMwGeUFKRojY/NWKvdZ+9UYtRfGmhqNbRkTSVpMbmyhXipFFv2cb/A==",
            "optional": true
        },
        "fetch-blob": {
            "version": "3.2.0",
            "resolved": "https://registry.npmjs.org/fetch-blob/-/fetch-blob-3.2.0.tgz",
            "integrity": "sha512-7yAQpD2UMJzLi1Dqv7qFYnPbaPx7ZfFK6PiIxQ4PfkGPyNyl2Ugx+a/umUonmKqjhM4DnfbMvdX6otXq83soQQ==",
            "optional": true,
            "requires": {
                "node-domexception": "^1.0.0",
                "web-streams-polyfill": "^3.0.3"
            }
        },
        "formdata-polyfill": {
            "version": "4.0.10",
            "resolved": "https://registry.npmjs.org/formdata-polyfill/-/formdata-polyfill-4.0.10.tgz",
            "integrity": "sha512-buewHzMvYL29jdeQTVILecSaZKnt/RJWjoZCF5OW60Z67/GmSLBkOFM7qh1PI3zFNtJbaZL5eQu1vLfazOwj4g==",
            "optional": true,
            "requires": {
                "fetch-blob": "^3.1.2"
            }
        },
        "husky": {
            "version": "8.0.3",
            "resolved": "https://registry.npmjs.org/husky/-/husky-8.0.3.tgz",
            "integrity": "sha512-+dQSyqPh4x1hlO1swXBiNb2HzTDN1I2IGLQx1GrBuiqFJfoMrnZWwVmatvSiO+Iz8fBUnf+lekwNo4c2LlXItg==",
            "dev": true
        },
        "node-domexception": {
            "version": "1.0.0",
            "resolved": "https://registry.npmjs.org/node-domexception/-/node-domexception-1.0.0.tgz",
            "integrity": "sha512-/jKZoMpw0F8GRwl4/eLROPA3cfcXtLApP0QzLmUT/HuPCZWyB7IY9ZrMeKw2O/nFIqPQB3PVM9aYm0F312AXDQ==",
            "optional": true
        },
        "node-fetch": {
            "version": "3.3.0",
            "resolved": "https://registry.npmjs.org/node-fetch/-/node-fetch-3.3.0.tgz",
            "integrity": "sha512-BKwRP/O0UvoMKp7GNdwPlObhYGB5DQqwhEDQlNKuoqwVYSxkSZCSbHjnFFmUEtwSKRPU4kNK8PbDYYitwaE3QA==",
            "optional": true,
            "requires": {
                "data-uri-to-buffer": "^4.0.0",
                "fetch-blob": "^3.1.4",
                "formdata-polyfill": "^4.0.10"
            }
        },
        "oauth": {
            "version": "0.10.0",
            "resolved": "https://registry.npmjs.org/oauth/-/oauth-0.10.0.tgz",
            "integrity": "sha512-1orQ9MT1vHFGQxhuy7E/0gECD3fd2fCC+PIX+/jgmU/gI3EpRocXtmtvxCO5x3WZ443FLTLFWNDjl5MPJf9u+Q==",
            "optional": true
        },
        "tsl-mastodon-api": {
            "version": "file:",
            "requires": {
                "@types/node": "~16.7.13",
                "@types/oauth": "~0.9.1",
                "@types/ws": "^8.5.4",
                "@typescriptlibs/tst": "^0.0.5",
                "husky": "^8.0.3",
                "node-fetch": "^3.3.0",
                "oauth": "~0.10.0",
                "tsl-mastodon-api": "file:",
                "typescript": "~4.9.5",
                "ws": "^8.12.0"
            },
            "dependencies": {
                "@types/node": {
                    "version": "16.7.13",
                    "resolved": "https://registry.npmjs.org/@types/node/-/node-16.7.13.tgz",
                    "integrity": "sha512-pLUPDn+YG3FYEt/pHI74HmnJOWzeR+tOIQzUx93pi9M7D8OE7PSLr97HboXwk5F+JS+TLtWuzCOW97AHjmOXXA==",
                    "devOptional": true
                },
                "@types/oauth": {
                    "version": "0.9.1",
                    "resolved": "https://registry.npmjs.org/@types/oauth/-/oauth-0.9.1.tgz",
                    "integrity": "sha512-a1iY62/a3yhZ7qH7cNUsxoI3U/0Fe9+RnuFrpTKr+0WVOzbKlSLojShCKe20aOD1Sppv+i8Zlq0pLDuTJnwS4A==",
                    "optional": true,
                    "requires": {
                        "@types/node": "*"
                    }
                },
                "@types/ws": {
                    "version": "8.5.4",
                    "resolved": "https://registry.npmjs.org/@types/ws/-/ws-8.5.4.tgz",
                    "integrity": "sha512-zdQDHKUgcX/zBc4GrwsE/7dVdAD8JR4EuiAXiiUhhfyIJXXb2+PrGshFyeXWQPMmmZ2XxgaqclgpIC7eTXc1mg==",
                    "optional": true,
                    "requires": {
                        "@types/node": "*"
                    }
                },
                "@typescriptlibs/tst": {
                    "version": "0.0.5",
                    "resolved": "https://registry.npmjs.org/@typescriptlibs/tst/-/tst-0.0.5.tgz",
                    "integrity": "sha512-Ze3pgTkJgIr05AkLp3esPzK0sauG0WZcZc6dOz2ZPHMgKsWmExO7r/9TOlayfShAPeSmC7YszKDhtHq51fNXuQ==",
                    "dev": true,
                    "requires": {}
                },
                "data-uri-to-buffer": {
                    "version": "4.0.1",
                    "resolved": "https://registry.npmjs.org/data-uri-to-buffer/-/data-uri-to-buffer-4.0.1.tgz",
                    "integrity": "sha512-0R9ikRb668HB7QDxT1vkpuUBtqc53YyAwMwGeUFKRojY/NWKvdZ+9UYtRfGmhqNbRkTSVpMbmyhXipFFv2cb/A==",
                    "optional": true
                },
                "fetch-blob": {
                    "version": "3.2.0",
                    "resolved": "https://registry.npmjs.org/fetch-blob/-/fetch-blob-3.2.0.tgz",
                    "integrity": "sha512-7yAQpD2UMJzLi1Dqv7qFYnPbaPx7ZfFK6PiIxQ4PfkGPyNyl2Ugx+a/umUonmKqjhM4DnfbMvdX6otXq83soQQ==",
                    "optional": true,
                    "requires": {
                        "node-domexception": "^1.0.0",
                        "web-streams-polyfill": "^3.0.3"
                    }
                },
                "formdata-polyfill": {
                    "version": "4.0.10",
                    "resolved": "https://registry.npmjs.org/formdata-polyfill/-/formdata-polyfill-4.0.10.tgz",
                    "integrity": "sha512-buewHzMvYL29jdeQTVILecSaZKnt/RJWjoZCF5OW60Z67/GmSLBkOFM7qh1PI3zFNtJbaZL5eQu1vLfazOwj4g==",
                    "optional": true,
                    "requires": {
                        "fetch-blob": "^3.1.2"
                    }
                },
                "husky": {
                    "version": "8.0.3",
                    "resolved": "https://registry.npmjs.org/husky/-/husky-8.0.3.tgz",
                    "integrity": "sha512-+dQSyqPh4x1hlO1swXBiNb2HzTDN1I2IGLQx1GrBuiqFJfoMrnZWwVmatvSiO+Iz8fBUnf+lekwNo4c2LlXItg==",
                    "dev": true
                },
                "node-domexception": {
                    "version": "1.0.0",
                    "resolved": "https://registry.npmjs.org/node-domexception/-/node-domexception-1.0.0.tgz",
                    "integrity": "sha512-/jKZoMpw0F8GRwl4/eLROPA3cfcXtLApP0QzLmUT/HuPCZWyB7IY9ZrMeKw2O/nFIqPQB3PVM9aYm0F312AXDQ==",
                    "optional": true
                },
                "node-fetch": {
                    "version": "3.3.0",
                    "resolved": "https://registry.npmjs.org/node-fetch/-/node-fetch-3.3.0.tgz",
                    "integrity": "sha512-BKwRP/O0UvoMKp7GNdwPlObhYGB5DQqwhEDQlNKuoqwVYSxkSZCSbHjnFFmUEtwSKRPU4kNK8PbDYYitwaE3QA==",
                    "optional": true,
                    "requires": {
                        "data-uri-to-buffer": "^4.0.0",
                        "fetch-blob": "^3.1.4",
                        "formdata-polyfill": "^4.0.10"
                    }
                },
                "oauth": {
                    "version": "0.10.0",
                    "resolved": "https://registry.npmjs.org/oauth/-/oauth-0.10.0.tgz",
                    "integrity": "sha512-1orQ9MT1vHFGQxhuy7E/0gECD3fd2fCC+PIX+/jgmU/gI3EpRocXtmtvxCO5x3WZ443FLTLFWNDjl5MPJf9u+Q==",
                    "optional": true
                },
                "typescript": {
                    "version": "4.9.5",
                    "resolved": "https://registry.npmjs.org/typescript/-/typescript-4.9.5.tgz",
                    "integrity": "sha512-1FXk9E2Hm+QzZQ7z+McJiHL4NW1F2EzMu9Nq9i3zAaGqibafqYwCVU6WyWAuyQRRzOlxou8xZSyXLEN8oKj24g==",
                    "dev": true
                },
                "web-streams-polyfill": {
                    "version": "3.2.1",
                    "resolved": "https://registry.npmjs.org/web-streams-polyfill/-/web-streams-polyfill-3.2.1.tgz",
                    "integrity": "sha512-e0MO3wdXWKrLbL0DgGnUV7WHVuw9OUvL4hjgnPkIeEvESk74gAITi5G606JtZPp39cd8HA9VQzCIvA49LpPN5Q==",
                    "optional": true
                },
                "ws": {
                    "version": "8.12.0",
                    "resolved": "https://registry.npmjs.org/ws/-/ws-8.12.0.tgz",
                    "integrity": "sha512-kU62emKIdKVeEIOIKVegvqpXMSTAMLJozpHZaJNDYqBjzlSYXQGviYwN1osDLJ9av68qHd4a2oSjd7yD4pacig==",
                    "optional": true,
                    "requires": {}
                }
            }
        },
        "typescript": {
            "version": "4.9.5",
            "resolved": "https://registry.npmjs.org/typescript/-/typescript-4.9.5.tgz",
            "integrity": "sha512-1FXk9E2Hm+QzZQ7z+McJiHL4NW1F2EzMu9Nq9i3zAaGqibafqYwCVU6WyWAuyQRRzOlxou8xZSyXLEN8oKj24g==",
            "dev": true
        },
        "web-streams-polyfill": {
            "version": "3.2.1",
            "resolved": "https://registry.npmjs.org/web-streams-polyfill/-/web-streams-polyfill-3.2.1.tgz",
            "integrity": "sha512-e0MO3wdXWKrLbL0DgGnUV7WHVuw9OUvL4hjgnPkIeEvESk74gAITi5G606JtZPp39cd8HA9VQzCIvA49LpPN5Q==",
            "optional": true
        },
        "ws": {
            "version": "8.12.0",
            "resolved": "https://registry.npmjs.org/ws/-/ws-8.12.0.tgz",
            "integrity": "sha512-kU62emKIdKVeEIOIKVegvqpXMSTAMLJozpHZaJNDYqBjzlSYXQGviYwN1osDLJ9av68qHd4a2oSjd7yD4pacig==",
            "optional": true,
            "requires": {}
        }
    }
}
